
Microsoft Visual Studio Solution File, Format Version 12.00
Project("{FAE04EC0-301F-11D3-BF4B-00C04F79EFBC}") = "TKMM.SarcTool", "TKMM.SarcTool\TKMM.SarcTool.csproj", "{84B3E18C-A3DB-4D8D-B71D-18564B8C7843}"
EndProject
Project("{FAE04EC0-301F-11D3-BF4B-00C04F79EFBC}") = "TKMM.SarcTool.Common", "TKMM.SarcTool.Common\TKMM.SarcTool.Common.csproj", "{D000664C-5250-457A-9BED-68EBA56A1BAE}"
EndProject
Project("{FAE04EC0-301F-11D3-BF4B-00C04F79EFBC}") = "TKMM.SarcTool.Plugin.Byml", "TKMM.SarcTool.Plugin.Byml\TKMM.SarcTool.Plugin.Byml.csproj", "{BFB57E91-8BB4-479A-A82D-A9DA4F96EA53}"
EndProject
Project("{FAE04EC0-301F-11D3-BF4B-00C04F79EFBC}") = "SarcLibrary", "lib\SarcLibrary\src\SarcLibrary\SarcLibrary.csproj", "{258EBCDF-2FC3-46E7-BE61-6C19C72FA008}"
EndProject
Project("{FAE04EC0-301F-11D3-BF4B-00C04F79EFBC}") = "BymlLibrary", "lib\BymlLibrary\src\BymlLibrary.csproj", "{AE303AA6-0063-41CD-95B1-D6B20E7F9828}"
EndProject
Global
	GlobalSection(SolutionConfigurationPlatforms) = preSolution
		Debug|Any CPU = Debug|Any CPU
		Release|Any CPU = Release|Any CPU
	EndGlobalSection
	GlobalSection(ProjectConfigurationPlatforms) = postSolution
		{84B3E18C-A3DB-4D8D-B71D-18564B8C7843}.Debug|Any CPU.ActiveCfg = Debug|Any CPU
		{84B3E18C-A3DB-4D8D-B71D-18564B8C7843}.Debug|Any CPU.Build.0 = Debug|Any CPU
		{84B3E18C-A3DB-4D8D-B71D-18564B8C7843}.Release|Any CPU.ActiveCfg = Release|Any CPU
		{84B3E18C-A3DB-4D8D-B71D-18564B8C7843}.Release|Any CPU.Build.0 = Release|Any CPU
		{D000664C-5250-457A-9BED-68EBA56A1BAE}.Debug|Any CPU.ActiveCfg = Debug|Any CPU
		{D000664C-5250-457A-9BED-68EBA56A1BAE}.Debug|Any CPU.Build.0 = Debug|Any CPU
		{D000664C-5250-457A-9BED-68EBA56A1BAE}.Release|Any CPU.ActiveCfg = Release|Any CPU
		{D000664C-5250-457A-9BED-68EBA56A1BAE}.Release|Any CPU.Build.0 = Release|Any CPU
		{BFB57E91-8BB4-479A-A82D-A9DA4F96EA53}.Debug|Any CPU.ActiveCfg = Debug|Any CPU
		{BFB57E91-8BB4-479A-A82D-A9DA4F96EA53}.Debug|Any CPU.Build.0 = Debug|Any CPU
		{BFB57E91-8BB4-479A-A82D-A9DA4F96EA53}.Release|Any CPU.ActiveCfg = Release|Any CPU
		{BFB57E91-8BB4-479A-A82D-A9DA4F96EA53}.Release|Any CPU.Build.0 = Release|Any CPU
		{258EBCDF-2FC3-46E7-BE61-6C19C72FA008}.Debug|Any CPU.ActiveCfg = Debug|Any CPU
		{258EBCDF-2FC3-46E7-BE61-6C19C72FA008}.Debug|Any CPU.Build.0 = Debug|Any CPU
		{258EBCDF-2FC3-46E7-BE61-6C19C72FA008}.Release|Any CPU.ActiveCfg = Release|Any CPU
		{258EBCDF-2FC3-46E7-BE61-6C19C72FA008}.Release|Any CPU.Build.0 = Release|Any CPU
		{AE303AA6-0063-41CD-95B1-D6B20E7F9828}.Debug|Any CPU.ActiveCfg = Debug|Any CPU
		{AE303AA6-0063-41CD-95B1-D6B20E7F9828}.Debug|Any CPU.Build.0 = Debug|Any CPU
		{AE303AA6-0063-41CD-95B1-D6B20E7F9828}.Release|Any CPU.ActiveCfg = Release|Any CPU
		{AE303AA6-0063-41CD-95B1-D6B20E7F9828}.Release|Any CPU.Build.0 = Release|Any CPU
	EndGlobalSection
EndGlobal
